// !$*UTF8*$!
{
	archiveVersion = 1;
	classes = {
	};
	objectVersion = 50;
	objects = {

/* Begin PBXBuildFile section */
		465A90BE23518E9400DE4310 /* AppDelegate.m in Sources */ = {isa = PBXBuildFile; fileRef = 465A90BD23518E9400DE4310 /* AppDelegate.m */; };
		465A90C123518E9400DE4310 /* SceneDelegate.m in Sources */ = {isa = PBXBuildFile; fileRef = 465A90C023518E9400DE4310 /* SceneDelegate.m */; };
		465A90C423518E9400DE4310 /* ViewController.m in Sources */ = {isa = PBXBuildFile; fileRef = 465A90C323518E9400DE4310 /* ViewController.m */; };
		465A90C723518E9400DE4310 /* Main.storyboard in Resources */ = {isa = PBXBuildFile; fileRef = 465A90C523518E9400DE4310 /* Main.storyboard */; };
		465A90C923518E9800DE4310 /* Assets.xcassets in Resources */ = {isa = PBXBuildFile; fileRef = 465A90C823518E9800DE4310 /* Assets.xcassets */; };
		465A90CC23518E9800DE4310 /* LaunchScreen.storyboard in Resources */ = {isa = PBXBuildFile; fileRef = 465A90CA23518E9800DE4310 /* LaunchScreen.storyboard */; };
		465A90CF23518E9800DE4310 /* main.m in Sources */ = {isa = PBXBuildFile; fileRef = 465A90CE23518E9800DE4310 /* main.m */; };
		465A90DC2351A57600DE4310 /* PickerViewController.xib in Resources */ = {isa = PBXBuildFile; fileRef = 465A90D92351A57600DE4310 /* PickerViewController.xib */; };
		465A90DE2351A57600DE4310 /* PickerViewController.m in Sources */ = {isa = PBXBuildFile; fileRef = 465A90DB2351A57600DE4310 /* PickerViewController.m */; };
/* End PBXBuildFile section */

/* Begin PBXFileReference section */
		465A90B923518E9400DE4310 /* Example.app */ = {isa = PBXFileReference; explicitFileType = wrapper.application; includeInIndex = 0; path = Example.app; sourceTree = BUILT_PRODUCTS_DIR; };
		465A90BC23518E9400DE4310 /* AppDelegate.h */ = {isa = PBXFileReference; lastKnownFileType = sourcecode.c.h; path = AppDelegate.h; sourceTree = "<group>"; };
		465A90BD23518E9400DE4310 /* AppDelegate.m */ = {isa = PBXFileReference; lastKnownFileType = sourcecode.c.objc; path = AppDelegate.m; sourceTree = "<group>"; };
		465A90BF23518E9400DE4310 /* SceneDelegate.h */ = {isa = PBXFileReference; lastKnownFileType = sourcecode.c.h; path = SceneDelegate.h; sourceTree = "<group>"; };
		465A90C023518E9400DE4310 /* SceneDelegate.m */ = {isa = PBXFileReference; lastKnownFileType = sourcecode.c.objc; path = SceneDelegate.m; sourceTree = "<group>"; };
		465A90C223518E9400DE4310 /* ViewController.h */ = {isa = PBXFileReference; lastKnownFileType = sourcecode.c.h; path = ViewController.h; sourceTree = "<group>"; };
		465A90C323518E9400DE4310 /* ViewController.m */ = {isa = PBXFileReference; lastKnownFileType = sourcecode.c.objc; path = ViewController.m; sourceTree = "<group>"; };
		465A90C623518E9400DE4310 /* Base */ = {isa = PBXFileReference; lastKnownFileType = file.storyboard; name = Base; path = Base.lproj/Main.storyboard; sourceTree = "<group>"; };
		465A90C823518E9800DE4310 /* Assets.xcassets */ = {isa = PBXFileReference; lastKnownFileType = folder.assetcatalog; path = Assets.xcassets; sourceTree = "<group>"; };
		465A90CB23518E9800DE4310 /* Base */ = {isa = PBXFileReference; lastKnownFileType = file.storyboard; name = Base; path = Base.lproj/LaunchScreen.storyboard; sourceTree = "<group>"; };
		465A90CD23518E9800DE4310 /* Info.plist */ = {isa = PBXFileReference; lastKnownFileType = text.plist.xml; path = Info.plist; sourceTree = "<group>"; };
		465A90CE23518E9800DE4310 /* main.m */ = {isa = PBXFileReference; lastKnownFileType = sourcecode.c.objc; path = main.m; sourceTree = "<group>"; };
		465A90D82351A57600DE4310 /* PickerViewController.h */ = {isa = PBXFileReference; fileEncoding = 4; lastKnownFileType = sourcecode.c.h; path = PickerViewController.h; sourceTree = "<group>"; };
		465A90D92351A57600DE4310 /* PickerViewController.xib */ = {isa = PBXFileReference; fileEncoding = 4; lastKnownFileType = file.xib; path = PickerViewController.xib; sourceTree = "<group>"; };
		465A90DB2351A57600DE4310 /* PickerViewController.m */ = {isa = PBXFileReference; fileEncoding = 4; lastKnownFileType = sourcecode.c.objc; path = PickerViewController.m; sourceTree = "<group>"; };
/* End PBXFileReference section */

/* Begin PBXFrameworksBuildPhase section */
		465A90B623518E9400DE4310 /* Frameworks */ = {
			isa = PBXFrameworksBuildPhase;
			buildActionMask = 2147483647;
			files = (
			);
			runOnlyForDeploymentPostprocessing = 0;
		};
/* End PBXFrameworksBuildPhase section */

/* Begin PBXGroup section */
		465A90B023518E9400DE4310 = {
			isa = PBXGroup;
			children = (
				465A90BB23518E9400DE4310 /* Example */,
				465A90BA23518E9400DE4310 /* Products */,
			);
			sourceTree = "<group>";
		};
		465A90BA23518E9400DE4310 /* Products */ = {
			isa = PBXGroup;
			children = (
				465A90B923518E9400DE4310 /* Example.app */,
			);
			name = Products;
			sourceTree = "<group>";
		};
		465A90BB23518E9400DE4310 /* Example */ = {
			isa = PBXGroup;
			children = (
				465A90BC23518E9400DE4310 /* AppDelegate.h */,
				465A90D52351A57600DE4310 /* Assets */,
				465A90D62351A57600DE4310 /* Classes */,
				465A90BD23518E9400DE4310 /* AppDelegate.m */,
				465A90BF23518E9400DE4310 /* SceneDelegate.h */,
				465A90C023518E9400DE4310 /* SceneDelegate.m */,
				465A90C223518E9400DE4310 /* ViewController.h */,
				465A90C323518E9400DE4310 /* ViewController.m */,
				465A90C523518E9400DE4310 /* Main.storyboard */,
				465A90C823518E9800DE4310 /* Assets.xcassets */,
				465A90CA23518E9800DE4310 /* LaunchScreen.storyboard */,
				465A90CD23518E9800DE4310 /* Info.plist */,
				465A90CE23518E9800DE4310 /* main.m */,
			);
			path = Example;
			sourceTree = "<group>";
		};
		465A90D52351A57600DE4310 /* Assets */ = {
			isa = PBXGroup;
			children = (
			);
			name = Assets;
			path = ../../Assets;
			sourceTree = "<group>";
		};
		465A90D62351A57600DE4310 /* Classes */ = {
			isa = PBXGroup;
			children = (
				465A90D82351A57600DE4310 /* PickerViewController.h */,
				465A90DB2351A57600DE4310 /* PickerViewController.m */,
				465A90D92351A57600DE4310 /* PickerViewController.xib */,
			);
			name = Classes;
			path = ../../Classes;
			sourceTree = "<group>";
		};
/* End PBXGroup section */

/* Begin PBXNativeTarget section */
		465A90B823518E9400DE4310 /* Example */ = {
			isa = PBXNativeTarget;
			buildConfigurationList = 465A90D223518E9800DE4310 /* Build configuration list for PBXNativeTarget "Example" */;
			buildPhases = (
				465A90B523518E9400DE4310 /* Sources */,
				465A90B623518E9400DE4310 /* Frameworks */,
				465A90B723518E9400DE4310 /* Resources */,
			);
			buildRules = (
			);
			dependencies = (
			);
			name = Example;
			productName = Example;
			productReference = 465A90B923518E9400DE4310 /* Example.app */;
			productType = "com.apple.product-type.application";
		};
/* End PBXNativeTarget section */

/* Begin PBXProject section */
		465A90B123518E9400DE4310 /* Project object */ = {
			isa = PBXProject;
			attributes = {
				LastUpgradeCheck = 1100;
				ORGANIZATIONNAME = Liupeng;
				TargetAttributes = {
					465A90B823518E9400DE4310 = {
						CreatedOnToolsVersion = 11.0;
					};
				};
			};
			buildConfigurationList = 465A90B423518E9400DE4310 /* Build configuration list for PBXProject "Example" */;
			compatibilityVersion = "Xcode 9.3";
			developmentRegion = en;
			hasScannedForEncodings = 0;
			knownRegions = (
				en,
				Base,
			);
			mainGroup = 465A90B023518E9400DE4310;
			productRefGroup = 465A90BA23518E9400DE4310 /* Products */;
			projectDirPath = "";
			projectRoot = "";
			targets = (
				465A90B823518E9400DE4310 /* Example */,
			);
		};
/* End PBXProject section */

/* Begin PBXResourcesBuildPhase section */
		465A90B723518E9400DE4310 /* Resources */ = {
			isa = PBXResourcesBuildPhase;
			buildActionMask = 2147483647;
			files = (
				465A90CC23518E9800DE4310 /* LaunchScreen.storyboard in Resources */,
				465A90C923518E9800DE4310 /* Assets.xcassets in Resources */,
				465A90DC2351A57600DE4310 /* PickerViewController.xib in Resources */,
				465A90C723518E9400DE4310 /* Main.storyboard in Resources */,
			);
			runOnlyForDeploymentPostprocessing = 0;
		};
/* End PBXResourcesBuildPhase section */

/* Begin PBXSourcesBuildPhase section */
		465A90B523518E9400DE4310 /* Sources */ = {
			isa = PBXSourcesBuildPhase;
			buildActionMask = 2147483647;
			files = (
				465A90C423518E9400DE4310 /* ViewController.m in Sources */,
				465A90BE23518E9400DE4310 /* AppDelegate.m in Sources */,
				465A90CF23518E9800DE4310 /* main.m in Sources */,
				465A90DE2351A57600DE4310 /* PickerViewController.m in Sources */,
				465A90C123518E9400DE4310 /* SceneDelegate.m in Sources */,
			);
			runOnlyForDeploymentPostprocessing = 0;
		};
/* End PBXSourcesBuildPhase section */

/* Begin PBXVariantGroup section */
		465A90C523518E9400DE4310 /* Main.storyboard */ = {
			isa = PBXVariantGroup;
			children = (
				465A90C623518E9400DE4310 /* Base */,
			);
			name = Main.storyboard;
			sourceTree = "<group>";
		};
		465A90CA23518E9800DE4310 /* LaunchScreen.storyboard */ = {
			isa = PBXVariantGroup;
			children = (
				465A90CB23518E9800DE4310 /* Base */,
			);
			name = LaunchScreen.storyboard;
			sourceTree = "<group>";
		};
/* End PBXVariantGroup section */

/* Begin XCBuildConfiguration section */
		465A90D023518E9800DE4310 /* Debug */ = {
			isa = XCBuildConfiguration;
			buildSettings = {
				ALWAYS_SEARCH_USER_PATHS = NO;
				CLANG_ANALYZER_NONNULL = YES;
				CLANG_ANALYZER_NUMBER_OBJECT_CONVERSION = YES_AGGRESSIVE;
				CLANG_CXX_LANGUAGE_STANDARD = "gnu++14";
				CLANG_CXX_LIBRARY = "libc++";
				CLANG_ENABLE_MODULES = YES;
				CLANG_ENABLE_OBJC_ARC = YES;
				CLANG_ENABLE_OBJC_WEAK = YES;
				CLANG_WARN_BLOCK_CAPTURE_AUTORELEASING = YES;
				CLANG_WARN_BOOL_CONVERSION = YES;
				CLANG_WARN_COMMA = YES;
				CLANG_WARN_CONSTANT_CONVERSION = YES;
				CLANG_WARN_DEPRECATED_OBJC_IMPLEMENTATIONS = YES;
				CLANG_WARN_DIRECT_OBJC_ISA_USAGE = YES_ERROR;
				CLANG_WARN_DOCUMENTATION_COMMENTS = YES;
				CLANG_WARN_EMPTY_BODY = YES;
				CLANG_WARN_ENUM_CONVERSION = YES;
				CLANG_WARN_INFINITE_RECURSION = YES;
				CLANG_WARN_INT_CONVERSION = YES;
				CLANG_WARN_NON_LITERAL_NULL_CONVERSION = YES;
				CLANG_WARN_OBJC_IMPLICIT_RETAIN_SELF = YES;
				CLANG_WARN_OBJC_LITERAL_CONVERSION = YES;
				CLANG_WARN_OBJC_ROOT_CLASS = YES_ERROR;
				CLANG_WARN_RANGE_LOOP_ANALYSIS = YES;
				CLANG_WARN_STRICT_PROTOTYPES = YES;
				CLANG_WARN_SUSPICIOUS_MOVE = YES;
				CLANG_WARN_UNGUARDED_AVAILABILITY = YES_AGGRESSIVE;
				CLANG_WARN_UNREACHABLE_CODE = YES;
				CLANG_WARN__DUPLICATE_METHOD_MATCH = YES;
				COPY_PHASE_STRIP = NO;
				DEBUG_INFORMATION_FORMAT = dwarf;
				ENABLE_STRICT_OBJC_MSGSEND = YES;
				ENABLE_TESTABILITY = YES;
				GCC_C_LANGUAGE_STANDARD = gnu11;
				GCC_DYNAMIC_NO_PIC = NO;
				GCC_NO_COMMON_BLOCKS = YES;
				GCC_OPTIMIZATION_LEVEL = 0;
				GCC_PREPROCESSOR_DEFINITIONS = (
					"DEBUG=1",
					"$(inherited)",
				);
				GCC_WARN_64_TO_32_BIT_CONVERSION = YES;
				GCC_WARN_ABOUT_RETURN_TYPE = YES_ERROR;
				GCC_WARN_UNDECLARED_SELECTOR = YES;
				GCC_WARN_UNINITIALIZED_AUTOS = YES_AGGRESSIVE;
				GCC_WARN_UNUSED_FUNCTION = YES;
				GCC_WARN_UNUSED_VARIABLE = YES;
				IPHONEOS_DEPLOYMENT_TARGET = 13.0;
				MTL_ENABLE_DEBUG_INFO = INCLUDE_SOURCE;
				MTL_FAST_MATH = YES;
				ONLY_ACTIVE_ARCH = YES;
				SDKROOT = iphoneos;
			};
			name = Debug;
		};
		465A90D123518E9800DE4310 /* Release */ = {
			isa = XCBuildConfiguration;
			buildSettings = {
				ALWAYS_SEARCH_USER_PATHS = NO;
				CLANG_ANALYZER_NONNULL = YES;
				CLANG_ANALYZER_NUMBER_OBJECT_CONVERSION = YES_AGGRESSIVE;
				CLANG_CXX_LANGUAGE_STANDARD = "gnu++14";
				CLANG_CXX_LIBRARY = "libc++";
				CLANG_ENABLE_MODULES = YES;
				CLANG_ENABLE_OBJC_ARC = YES;
				CLANG_ENABLE_OBJC_WEAK = YES;
				CLANG_WARN_BLOCK_CAPTURE_AUTORELEASING = YES;
				CLANG_WARN_BOOL_CONVERSION = YES;
				CLANG_WARN_COMMA = YES;
				CLANG_WARN_CONSTANT_CONVERSION = YES;
				CLANG_WARN_DEPRECATED_OBJC_IMPLEMENTATIONS = YES;
				CLANG_WARN_DIRECT_OBJC_ISA_USAGE = YES_ERROR;
				CLANG_WARN_DOCUMENTATION_COMMENTS = YES;
				CLANG_WARN_EMPTY_BODY = YES;
				CLANG_WARN_ENUM_CONVERSION = YES;
				CLANG_WARN_INFINITE_RECURSION = YES;
				CLANG_WARN_INT_CONVERSION = YES;
				CLANG_WARN_NON_LITERAL_NULL_CONVERSION = YES;
				CLANG_WARN_OBJC_IMPLICIT_RETAIN_SELF = YES;
				CLANG_WARN_OBJC_LITERAL_CONVERSION = YES;
				CLANG_WARN_OBJC_ROOT_CLASS = YES_ERROR;
				CLANG_WARN_RANGE_LOOP_ANALYSIS = YES;
				CLANG_WARN_STRICT_PROTOTYPES = YES;
				CLANG_WARN_SUSPICIOUS_MOVE = YES;
				CLANG_WARN_UNGUARDED_AVAILABILITY = YES_AGGRESSIVE;
				CLANG_WARN_UNREACHABLE_CODE = YES;
				CLANG_WARN__DUPLICATE_METHOD_MATCH = YES;
				COPY_PHASE_STRIP = NO;
				DEBUG_INFORMATION_FORMAT = "dwarf-with-dsym";
				ENABLE_NS_ASSERTIONS = NO;
				ENABLE_STRICT_OBJC_MSGSEND = YES;
				GCC_C_LANGUAGE_STANDARD = gnu11;
				GCC_NO_COMMON_BLOCKS = YES;
				GCC_WARN_64_TO_32_BIT_CONVERSION = YES;
				GCC_WARN_ABOUT_RETURN_TYPE = YES_ERROR;
				GCC_WARN_UNDECLARED_SELECTOR = YES;
				GCC_WARN_UNINITIALIZED_AUTOS = YES_AGGRESSIVE;
				GCC_WARN_UNUSED_FUNCTION = YES;
				GCC_WARN_UNUSED_VARIABLE = YES;
				IPHONEOS_DEPLOYMENT_TARGET = 13.0;
				MTL_ENABLE_DEBUG_INFO = NO;
				MTL_FAST_MATH = YES;
				SDKROOT = iphoneos;
				VALIDATE_PRODUCT = YES;
			};
			name = Release;
		};
		465A90D323518E9800DE4310 /* Debug */ = {
			isa = XCBuildConfiguration;
			buildSettings = {
				ASSETCATALOG_COMPILER_APPICON_NAME = AppIcon;
				CODE_SIGN_STYLE = Automatic;
				DEVELOPMENT_TEAM = 76MM79XMJ9;
				INFOPLIST_FILE = Example/Info.plist;
				LD_RUNPATH_SEARCH_PATHS = (
					"$(inherited)",
					"@executable_path/Frameworks",
				);
				PRODUCT_BUNDLE_IDENTIFIER = com.liupeng.Example;
				PRODUCT_NAME = "$(TARGET_NAME)";
				TARGETED_DEVICE_FAMILY = "1,2";
			};
			name = Debug;
		};
		465A90D423518E9800DE4310 /* Release */ = {
			isa = XCBuildConfiguration;
			buildSettings = {
				ASSETCATALOG_COMPILER_APPICON_NAME = AppIcon;
				CODE_SIGN_STYLE = Automatic;
				DEVELOPMENT_TEAM = 76MM79XMJ9;
				INFOPLIST_FILE = Example/Info.plist;
				LD_RUNPATH_SEARCH_PATHS = (
					"$(inherited)",
					"@executable_path/Frameworks",
				);
				PRODUCT_BUNDLE_IDENTIFIER = com.liupeng.Example;
				PRODUCT_NAME = "$(TARGET_NAME)";
				TARGETED_DEVICE_FAMILY = "1,2";
			};
			name = Release;
		};
/* End XCBuildConfiguration section */

/* Begin XCConfigurationList section */
		465A90B423518E9400DE4310 /* Build configuration list for PBXProject "Example" */ = {
			isa = XCConfigurationList;
			buildConfigurations = (
				465A90D023518E9800DE4310 /* Debug */,
				465A90D123518E9800DE4310 /* Release */,
			);
			defaultConfigurationIsVisible = 0;
			defaultConfigurationName = Release;
		};
		465A90D223518E9800DE4310 /* Build configuration list for PBXNativeTarget "Example" */ = {
			isa = XCConfigurationList;
			buildConfigurations = (
				465A90D323518E9800DE4310 /* Debug */,
				465A90D423518E9800DE4310 /* Release */,
			);
			defaultConfigurationIsVisible = 0;
			defaultConfigurationName = Release;
		};
/* End XCConfigurationList section */
	};
	rootObject = 465A90B123518E9400DE4310 /* Project object */;
}
